
Microsoft Visual Studio Solution File, Format Version 12.00
# Visual Studio Version 16
VisualStudioVersion = 16.0.29709.97
MinimumVisualStudioVersion = 10.0.40219.1
Project("{FAE04EC0-301F-11D3-BF4B-00C04F79EFBC}") = "CRUDXamarinFormSysne.Android", "CRUDXamarinFormSysne\CRUDXamarinFormSysne.Android\CRUDXamarinFormSysne.Android.csproj", "{0E311F3E-E71F-45B5-814B-9163F09DBC27}"
EndProject
Project("{FAE04EC0-301F-11D3-BF4B-00C04F79EFBC}") = "CRUDXamarinFormSysne", "CRUDXamarinFormSysne\CRUDXamarinFormSysne\CRUDXamarinFormSysne.csproj", "{2105883D-4757-4555-8E79-5D5CD6649147}"
EndProject
Global
	GlobalSection(SolutionConfigurationPlatforms) = preSolution
		Debug|Any CPU = Debug|Any CPU
		Release|Any CPU = Release|Any CPU
	EndGlobalSection
	GlobalSection(ProjectConfigurationPlatforms) = postSolution
		{0E311F3E-E71F-45B5-814B-9163F09DBC27}.Debug|Any CPU.ActiveCfg = Debug|Any CPU
		{0E311F3E-E71F-45B5-814B-9163F09DBC27}.Debug|Any CPU.Build.0 = Debug|Any CPU
		{0E311F3E-E71F-45B5-814B-9163F09DBC27}.Debug|Any CPU.Deploy.0 = Debug|Any CPU
		{0E311F3E-E71F-45B5-814B-9163F09DBC27}.Release|Any CPU.ActiveCfg = Release|Any CPU
		{0E311F3E-E71F-45B5-814B-9163F09DBC27}.Release|Any CPU.Build.0 = Release|Any CPU
		{0E311F3E-E71F-45B5-814B-9163F09DBC27}.Release|Any CPU.Deploy.0 = Release|Any CPU
		{2105883D-4757-4555-8E79-5D5CD6649147}.Debug|Any CPU.ActiveCfg = Debug|Any CPU
		{2105883D-4757-4555-8E79-5D5CD6649147}.Debug|Any CPU.Build.0 = Debug|Any CPU
		{2105883D-4757-4555-8E79-5D5CD6649147}.Debug|Any CPU.Deploy.0 = Debug|Any CPU
		{2105883D-4757-4555-8E79-5D5CD6649147}.Release|Any CPU.ActiveCfg = Release|Any CPU
		{2105883D-4757-4555-8E79-5D5CD6649147}.Release|Any CPU.Build.0 = Release|Any CPU
		{2105883D-4757-4555-8E79-5D5CD6649147}.Release|Any CPU.Deploy.0 = Release|Any CPU
	EndGlobalSection
	GlobalSection(SolutionProperties) = preSolution
		HideSolutionNode = FALSE
	EndGlobalSection
	GlobalSection(ExtensibilityGlobals) = postSolution
		SolutionGuid = {4484C448-5E39-4A9F-B28E-1B6566C87A27}
	EndGlobalSection
EndGlobal
